
Microsoft Visual Studio Solution File, Format Version 12.00
# Visual Studio Version 17
VisualStudioVersion = 17.0.31903.59
MinimumVisualStudioVersion = 10.0.40219.1
Project("{2150E333-8FDC-42A3-9474-1A3956D46DE8}") = "src", "src", "{827E0CD3-B72D-47B6-A68D-7590B98EB39B}"
EndProject
Project("{FAE04EC0-301F-11D3-BF4B-00C04F79EFBC}") = "Api", "src\Api\Api.csproj", "{3844158B-3E32-4009-86F6-54B9BC81A5A3}"
EndProject
Project("{FAE04EC0-301F-11D3-BF4B-00C04F79EFBC}") = "Application", "src\Application\Application.csproj", "{2AC61287-B64D-40AF-A2AC-5FC0FABE9A96}"
EndProject
Project("{FAE04EC0-301F-11D3-BF4B-00C04F79EFBC}") = "Domain", "src\Domain\Domain.csproj", "{C6B23FAE-E23C-48B9-B38F-9D9C1DE14CDC}"
EndProject
Project("{FAE04EC0-301F-11D3-BF4B-00C04F79EFBC}") = "Infra", "src\Infra\Infra.csproj", "{8D1B3BE2-44D3-43D6-8AD9-CB9361B10038}"
EndProject
Global
	GlobalSection(SolutionConfigurationPlatforms) = preSolution
		Debug|Any CPU = Debug|Any CPU
		Debug|x64 = Debug|x64
		Debug|x86 = Debug|x86
		Release|Any CPU = Release|Any CPU
		Release|x64 = Release|x64
		Release|x86 = Release|x86
	EndGlobalSection
	GlobalSection(ProjectConfigurationPlatforms) = postSolution
		{3844158B-3E32-4009-86F6-54B9BC81A5A3}.Debug|Any CPU.ActiveCfg = Debug|Any CPU
		{3844158B-3E32-4009-86F6-54B9BC81A5A3}.Debug|Any CPU.Build.0 = Debug|Any CPU
		{3844158B-3E32-4009-86F6-54B9BC81A5A3}.Debug|x64.ActiveCfg = Debug|Any CPU
		{3844158B-3E32-4009-86F6-54B9BC81A5A3}.Debug|x64.Build.0 = Debug|Any CPU
		{3844158B-3E32-4009-86F6-54B9BC81A5A3}.Debug|x86.ActiveCfg = Debug|Any CPU
		{3844158B-3E32-4009-86F6-54B9BC81A5A3}.Debug|x86.Build.0 = Debug|Any CPU
		{3844158B-3E32-4009-86F6-54B9BC81A5A3}.Release|Any CPU.ActiveCfg = Release|Any CPU
		{3844158B-3E32-4009-86F6-54B9BC81A5A3}.Release|Any CPU.Build.0 = Release|Any CPU
		{3844158B-3E32-4009-86F6-54B9BC81A5A3}.Release|x64.ActiveCfg = Release|Any CPU
		{3844158B-3E32-4009-86F6-54B9BC81A5A3}.Release|x64.Build.0 = Release|Any CPU
		{3844158B-3E32-4009-86F6-54B9BC81A5A3}.Release|x86.ActiveCfg = Release|Any CPU
		{3844158B-3E32-4009-86F6-54B9BC81A5A3}.Release|x86.Build.0 = Release|Any CPU
		{2AC61287-B64D-40AF-A2AC-5FC0FABE9A96}.Debug|Any CPU.ActiveCfg = Debug|Any CPU
		{2AC61287-B64D-40AF-A2AC-5FC0FABE9A96}.Debug|Any CPU.Build.0 = Debug|Any CPU
		{2AC61287-B64D-40AF-A2AC-5FC0FABE9A96}.Debug|x64.ActiveCfg = Debug|Any CPU
		{2AC61287-B64D-40AF-A2AC-5FC0FABE9A96}.Debug|x64.Build.0 = Debug|Any CPU
		{2AC61287-B64D-40AF-A2AC-5FC0FABE9A96}.Debug|x86.ActiveCfg = Debug|Any CPU
		{2AC61287-B64D-40AF-A2AC-5FC0FABE9A96}.Debug|x86.Build.0 = Debug|Any CPU
		{2AC61287-B64D-40AF-A2AC-5FC0FABE9A96}.Release|Any CPU.ActiveCfg = Release|Any CPU
		{2AC61287-B64D-40AF-A2AC-5FC0FABE9A96}.Release|Any CPU.Build.0 = Release|Any CPU
		{2AC61287-B64D-40AF-A2AC-5FC0FABE9A96}.Release|x64.ActiveCfg = Release|Any CPU
		{2AC61287-B64D-40AF-A2AC-5FC0FABE9A96}.Release|x64.Build.0 = Release|Any CPU
		{2AC61287-B64D-40AF-A2AC-5FC0FABE9A96}.Release|x86.ActiveCfg = Release|Any CPU
		{2AC61287-B64D-40AF-A2AC-5FC0FABE9A96}.Release|x86.Build.0 = Release|Any CPU
		{C6B23FAE-E23C-48B9-B38F-9D9C1DE14CDC}.Debug|Any CPU.ActiveCfg = Debug|Any CPU
		{C6B23FAE-E23C-48B9-B38F-9D9C1DE14CDC}.Debug|Any CPU.Build.0 = Debug|Any CPU
		{C6B23FAE-E23C-48B9-B38F-9D9C1DE14CDC}.Debug|x64.ActiveCfg = Debug|Any CPU
		{C6B23FAE-E23C-48B9-B38F-9D9C1DE14CDC}.Debug|x64.Build.0 = Debug|Any CPU
		{C6B23FAE-E23C-48B9-B38F-9D9C1DE14CDC}.Debug|x86.ActiveCfg = Debug|Any CPU
		{C6B23FAE-E23C-48B9-B38F-9D9C1DE14CDC}.Debug|x86.Build.0 = Debug|Any CPU
		{C6B23FAE-E23C-48B9-B38F-9D9C1DE14CDC}.Release|Any CPU.ActiveCfg = Release|Any CPU
		{C6B23FAE-E23C-48B9-B38F-9D9C1DE14CDC}.Release|Any CPU.Build.0 = Release|Any CPU
		{C6B23FAE-E23C-48B9-B38F-9D9C1DE14CDC}.Release|x64.ActiveCfg = Release|Any CPU
		{C6B23FAE-E23C-48B9-B38F-9D9C1DE14CDC}.Release|x64.Build.0 = Release|Any CPU
		{C6B23FAE-E23C-48B9-B38F-9D9C1DE14CDC}.Release|x86.ActiveCfg = Release|Any CPU
		{C6B23FAE-E23C-48B9-B38F-9D9C1DE14CDC}.Release|x86.Build.0 = Release|Any CPU
		{8D1B3BE2-44D3-43D6-8AD9-CB9361B10038}.Debug|Any CPU.ActiveCfg = Debug|Any CPU
		{8D1B3BE2-44D3-43D6-8AD9-CB9361B10038}.Debug|Any CPU.Build.0 = Debug|Any CPU
		{8D1B3BE2-44D3-43D6-8AD9-CB9361B10038}.Debug|x64.ActiveCfg = Debug|Any CPU
		{8D1B3BE2-44D3-43D6-8AD9-CB9361B10038}.Debug|x64.Build.0 = Debug|Any CPU
		{8D1B3BE2-44D3-43D6-8AD9-CB9361B10038}.Debug|x86.ActiveCfg = Debug|Any CPU
		{8D1B3BE2-44D3-43D6-8AD9-CB9361B10038}.Debug|x86.Build.0 = Debug|Any CPU
		{8D1B3BE2-44D3-43D6-8AD9-CB9361B10038}.Release|Any CPU.ActiveCfg = Release|Any CPU
		{8D1B3BE2-44D3-43D6-8AD9-CB9361B10038}.Release|Any CPU.Build.0 = Release|Any CPU
		{8D1B3BE2-44D3-43D6-8AD9-CB9361B10038}.Release|x64.ActiveCfg = Release|Any CPU
		{8D1B3BE2-44D3-43D6-8AD9-CB9361B10038}.Release|x64.Build.0 = Release|Any CPU
		{8D1B3BE2-44D3-43D6-8AD9-CB9361B10038}.Release|x86.ActiveCfg = Release|Any CPU
		{8D1B3BE2-44D3-43D6-8AD9-CB9361B10038}.Release|x86.Build.0 = Release|Any CPU
	EndGlobalSection
	GlobalSection(SolutionProperties) = preSolution
		HideSolutionNode = FALSE
	EndGlobalSection
	GlobalSection(NestedProjects) = preSolution
		{3844158B-3E32-4009-86F6-54B9BC81A5A3} = {827E0CD3-B72D-47B6-A68D-7590B98EB39B}
		{2AC61287-B64D-40AF-A2AC-5FC0FABE9A96} = {827E0CD3-B72D-47B6-A68D-7590B98EB39B}
		{C6B23FAE-E23C-48B9-B38F-9D9C1DE14CDC} = {827E0CD3-B72D-47B6-A68D-7590B98EB39B}
		{8D1B3BE2-44D3-43D6-8AD9-CB9361B10038} = {827E0CD3-B72D-47B6-A68D-7590B98EB39B}
	EndGlobalSection
EndGlobal
